
Microsoft Visual Studio Solution File, Format Version 12.00
# Visual Studio 14
VisualStudioVersion = 14.0.23107.0
MinimumVisualStudioVersion = 10.0.40219.1
Project("{8BC9CEB8-8B4A-11D0-8D11-00A0C91BC942}") = "FreewayAC", "FreewayAC\FreewayAC.vcxproj", "{55C2EB3F-9DCC-485E-B4D0-5339C43F9B2A}"
EndProject
Project("{8BC9CEB8-8B4A-11D0-8D11-00A0C91BC942}") = "FreewayAC_tests", "FreewayAC_tests\FreewayAC_tests.vcxproj", "{68B58DFD-C4E9-4798-B24A-60EEEC09FB35}"
EndProject
Global
	GlobalSection(SolutionConfigurationPlatforms) = preSolution
		Debug|Win32 = Debug|Win32
		Debug|x64 = Debug|x64
		Release|Win32 = Release|Win32
		Release|x64 = Release|x64
	EndGlobalSection
	GlobalSection(ProjectConfigurationPlatforms) = postSolution
		{55C2EB3F-9DCC-485E-B4D0-5339C43F9B2A}.Debug|Win32.ActiveCfg = Debug|Win32
		{55C2EB3F-9DCC-485E-B4D0-5339C43F9B2A}.Debug|Win32.Build.0 = Debug|Win32
		{55C2EB3F-9DCC-485E-B4D0-5339C43F9B2A}.Debug|x64.ActiveCfg = Debug|x64
		{55C2EB3F-9DCC-485E-B4D0-5339C43F9B2A}.Debug|x64.Build.0 = Debug|x64
		{55C2EB3F-9DCC-485E-B4D0-5339C43F9B2A}.Release|Win32.ActiveCfg = Release|Win32
		{55C2EB3F-9DCC-485E-B4D0-5339C43F9B2A}.Release|Win32.Build.0 = Release|Win32
		{55C2EB3F-9DCC-485E-B4D0-5339C43F9B2A}.Release|x64.ActiveCfg = Release|x64
		{55C2EB3F-9DCC-485E-B4D0-5339C43F9B2A}.Release|x64.Build.0 = Release|x64
		{68B58DFD-C4E9-4798-B24A-60EEEC09FB35}.Debug|Win32.ActiveCfg = Debug|Win32
		{68B58DFD-C4E9-4798-B24A-60EEEC09FB35}.Debug|Win32.Build.0 = Debug|Win32
		{68B58DFD-C4E9-4798-B24A-60EEEC09FB35}.Debug|x64.ActiveCfg = Debug|x64
		{68B58DFD-C4E9-4798-B24A-60EEEC09FB35}.Debug|x64.Build.0 = Debug|x64
		{68B58DFD-C4E9-4798-B24A-60EEEC09FB35}.Release|Win32.ActiveCfg = Release|Win32
		{68B58DFD-C4E9-4798-B24A-60EEEC09FB35}.Release|Win32.Build.0 = Release|Win32
		{68B58DFD-C4E9-4798-B24A-60EEEC09FB35}.Release|x64.ActiveCfg = Release|x64
		{68B58DFD-C4E9-4798-B24A-60EEEC09FB35}.Release|x64.Build.0 = Release|x64
	EndGlobalSection
	GlobalSection(SolutionProperties) = preSolution
		HideSolutionNode = FALSE
	EndGlobalSection
EndGlobal
